{
  "nodes": {
    "blueprint": {
      "inputs": {
        "nixpkgs": [
          "llm-agents",
          "nixpkgs"
        ],
        "systems": [
          "llm-agents",
          "systems"
        ]
      },
      "locked": {
        "lastModified": 1776249299,
        "narHash": "sha256-Dt9t1TGRmJFc0xVYhttNBD6QsAgHOHCArqGa0AyjrJY=",
        "owner": "numtide",
        "repo": "blueprint",
        "rev": "56131e8628f173d24a27f6d27c0215eff57e40dd",
        "type": "github"
      },
      "original": {
        "owner": "numtide",
        "repo": "blueprint",
        "type": "github"
      }
    },
    "bun2nix": {
      "inputs": {
        "flake-parts": [
          "llm-agents",
          "flake-parts"
        ],
        "nixpkgs": [
          "llm-agents",
          "nixpkgs"
        ],
        "systems": [
          "llm-agents",
          "systems"
        ],
        "treefmt-nix": [
          "llm-agents",
          "treefmt-nix"
        ]
      },
      "locked": {
        "lastModified": 1778446047,
        "narHash": "sha256-oQvcadh2BCkrog+SGrG6YffKJrveYpjj3TdQJWaKhaM=",
        "owner": "nix-community",
        "repo": "bun2nix",
        "rev": "f2bc12af1a6369648aac41041ceeaa0b866599c6",
        "type": "github"
      },
      "original": {
        "owner": "nix-community",
        "repo": "bun2nix",
        "type": "github"
      }
    },
    "cherri": {
      "inputs": {
        "flake-utils": "flake-utils_2",
        "nixpkgs": "nixpkgs_4"
      },
      "locked": {
        "lastModified": 1779497562,
        "narHash": "sha256-cJEQFefH6Uq4LPBg2UC95UzAaDZYE6emDzLH7+1cR1M=",
        "owner": "electrikmilk",
        "repo": "cherri",
        "rev": "d2072c62ea708e7727099fab94fa28b0bcec747b",
        "type": "github"
      },
      "original": {
        "owner": "electrikmilk",
        "repo": "cherri",
        "type": "github"
      }
    },
    "clan-core": {
      "inputs": {
        "data-mesher": "data-mesher",
        "disko": [
          "disko"
        ],
        "flake-parts": [
          "flake-parts"
        ],
        "nix-darwin": [
          "nix-darwin"
        ],
        "nix-select": "nix-select",
        "nixos-facter-modules": "nixos-facter-modules",
        "nixpkgs": "nixpkgs",
        "sops-nix": [
          "sops-nix"
        ],
        "systems": "systems",
        "treefmt-nix": [
          "treefmt-nix"
        ]
      },
      "locked": {
        "lastModified": 1779116933,
        "narHash": "sha256-BoSQT4vbuWbGcDbXp4nqBd1I9X8r+dLSPtTbc5yJd28=",
        "rev": "10d86d5d8291fe5162a5535f433a4d50efc4b2bc",
        "type": "tarball",
        "url": "https://git.clan.lol/api/v1/repos/clan/clan-core/archive/10d86d5d8291fe5162a5535f433a4d50efc4b2bc.tar.gz"
      },
      "original": {
        "type": "tarball",
        "url": "https://git.clan.lol/clan/clan-core/archive/25.11.tar.gz"
      }
    },
    "crane": {
      "locked": {
        "lastModified": 1776396856,
        "narHash": "sha256-aRJpIJUlZLaf06ekPvqjuU46zvO9K90IxJGpbqodkPs=",
        "owner": "ipetkov",
        "repo": "crane",
        "rev": "28462d6d55c33206ffa5a56c7907ca3125ed788f",
        "type": "github"
      },
      "original": {
        "owner": "ipetkov",
        "repo": "crane",
        "type": "github"
      }
    },
    "data-mesher": {
      "inputs": {
        "flake-parts": [
          "clan-core",
          "flake-parts"
        ],
        "nixpkgs": [
          "clan-core",
          "nixpkgs"
        ],
        "treefmt-nix": [
          "clan-core",
          "treefmt-nix"
        ]
      },
      "locked": {
        "lastModified": 1767582502,
        "narHash": "sha256-WVcYGWcAlWzVt38OaTC5i5Q3QkIKJKZsJ7LcQZVVxeE=",
        "rev": "31f2e3ecf207fd2760e3cebf7c2cf3cb7170ea3d",
        "type": "tarball",
        "url": "https://git.clan.lol/api/v1/repos/clan/data-mesher/archive/31f2e3ecf207fd2760e3cebf7c2cf3cb7170ea3d.tar.gz"
      },
      "original": {
        "type": "tarball",
        "url": "https://git.clan.lol/clan/data-mesher/archive/main.tar.gz"
      }
    },
    "direnv-instant": {
      "inputs": {
        "flake-parts": [
          "flake-parts"
        ],
        "nixpkgs": [
          "nixpkgs"
        ],
        "treefmt-nix": [
          "treefmt-nix"
        ]
      },
      "locked": {
        "lastModified": 1779953110,
        "narHash": "sha256-13ehyFLWhMfGbH5C9MpuKHCu/2W5rnoKxO7D1WBe5ZI=",
        "owner": "Mic92",
        "repo": "direnv-instant",
        "rev": "c838644baa0f945088f577fa462dbf8366ec8e1b",
        "type": "github"
      },
      "original": {
        "owner": "Mic92",
        "repo": "direnv-instant",
        "type": "github"
      }
    },
    "disko": {
      "inputs": {
        "nixpkgs": [
          "nixpkgs"
        ]
      },
      "locked": {
        "lastModified": 1780290312,
        "narHash": "sha256-eTAlX0CwgB84Ts3GaBd944A3DRXVMzgA0EqroZBISUo=",
        "owner": "nix-community",
        "repo": "disko",
        "rev": "115e5211780054d8a890b41f0b7734cafad54dfe",
        "type": "github"
      },
      "original": {
        "owner": "nix-community",
        "repo": "disko",
        "type": "github"
      }
    },
    "fast-nix-gc": {
      "inputs": {
        "nixpkgs": [
          "nixpkgs"
        ],
        "treefmt-nix": [
          "treefmt-nix"
        ]
      },
      "locked": {
        "lastModified": 1780403740,
        "narHash": "sha256-7MNPrFiaX+4aA7aBDhItgmz4/YLlWXg8izN6llngDT4=",
        "owner": "Mic92",
        "repo": "fast-nix-gc",
        "rev": "8769dd0f579a219f790c593cb692407d80627641",
        "type": "github"
      },
      "original": {
        "owner": "Mic92",
        "repo": "fast-nix-gc",
        "type": "github"
      }
    },
    "flake-fmt": {
      "inputs": {
        "nixpkgs": [
          "nixpkgs"
        ]
      },
      "locked": {
        "lastModified": 1779931928,
        "narHash": "sha256-Sfz13D1vCMmoGms6r4d+bLyR0DMm2kkSWDlZUF7ZzvI=",
        "owner": "Mic92",
        "repo": "flake-fmt",
        "rev": "366a40f363bb7d65f6ee3ff8ae6efa8b807bed09",
        "type": "github"
      },
      "original": {
        "owner": "Mic92",
        "repo": "flake-fmt",
        "type": "github"
      }
    },
    "flake-parts": {
      "inputs": {
        "nixpkgs-lib": [
          "nixpkgs"
        ]
      },
      "locked": {
        "lastModified": 1778716662,
        "narHash": "sha256-m1Yf0wZ8j1OHjTc2UwHwyQRSnNeSgLJOd7q5Y45hzi4=",
        "owner": "hercules-ci",
        "repo": "flake-parts",
        "rev": "f7c1a2d347e4c52d5fb8d10cb4d94b5884e546fb",
        "type": "github"
      },
      "original": {
        "owner": "hercules-ci",
        "repo": "flake-parts",
        "type": "github"
      }
    },
    "flake-utils": {
      "inputs": {
        "systems": "systems_3"
      },
      "locked": {
        "lastModified": 1731533236,
        "narHash": "sha256-l0KFg5HjrsfsO/JpG+r7fRrqm12kzFHyUHqHCVpMMbI=",
        "owner": "numtide",
        "repo": "flake-utils",
        "rev": "11707dc2f618dd54ca8739b309ec4fc024de578b",
        "type": "github"
      },
      "original": {
        "owner": "numtide",
        "repo": "flake-utils",
        "type": "github"
      }
    },
    "flake-utils_2": {
      "inputs": {
        "systems": "systems_4"
      },
      "locked": {
        "lastModified": 1731533236,
        "narHash": "sha256-l0KFg5HjrsfsO/JpG+r7fRrqm12kzFHyUHqHCVpMMbI=",
        "owner": "numtide",
        "repo": "flake-utils",
        "rev": "11707dc2f618dd54ca8739b309ec4fc024de578b",
        "type": "github"
      },
      "original": {
        "owner": "numtide",
        "repo": "flake-utils",
        "type": "github"
      }
    },
    "flake-utils_3": {
      "inputs": {
        "systems": "systems_5"
      },
      "locked": {
        "lastModified": 1731533236,
        "narHash": "sha256-l0KFg5HjrsfsO/JpG+r7fRrqm12kzFHyUHqHCVpMMbI=",
        "owner": "numtide",
        "repo": "flake-utils",
        "rev": "11707dc2f618dd54ca8739b309ec4fc024de578b",
        "type": "github"
      },
      "original": {
        "owner": "numtide",
        "repo": "flake-utils",
        "type": "github"
      }
    },
    "home-manager": {
      "inputs": {
        "nixpkgs": [
          "nixpkgs"
        ]
      },
      "locked": {
        "lastModified": 1780515920,
        "narHash": "sha256-8KX2hEeOX6KP3hBBJJI8dGWVrzbOOf1rBPmg/GUG24U=",
        "owner": "nix-community",
        "repo": "home-manager",
        "rev": "4c5c1e8ba14f1c7475fa31ff11bc1c19cd220974",
        "type": "github"
      },
      "original": {
        "owner": "nix-community",
        "repo": "home-manager",
        "type": "github"
      }
    },
    "home-manager_2": {
      "inputs": {
        "nixpkgs": [
          "zen-browser",
          "nixpkgs"
        ]
      },
      "locked": {
        "lastModified": 1780515920,
        "narHash": "sha256-8KX2hEeOX6KP3hBBJJI8dGWVrzbOOf1rBPmg/GUG24U=",
        "owner": "nix-community",
        "repo": "home-manager",
        "rev": "4c5c1e8ba14f1c7475fa31ff11bc1c19cd220974",
        "type": "github"
      },
      "original": {
        "owner": "nix-community",
        "repo": "home-manager",
        "type": "github"
      }
    },
    "import-tree": {
      "locked": {
        "lastModified": 1773693634,
        "narHash": "sha256-BtZ2dtkBdSUnFPPFc+n0kcMbgaTxzFNPv2iaO326Ffg=",
        "owner": "vic",
        "repo": "import-tree",
        "rev": "c41e7d58045f9057880b0d85e1152d6a4430dbf1",
        "type": "github"
      },
      "original": {
        "owner": "vic",
        "repo": "import-tree",
        "type": "github"
      }
    },
    "llm-agents": {
      "inputs": {
        "blueprint": "blueprint",
        "bun2nix": "bun2nix",
        "flake-parts": [
          "flake-parts"
        ],
        "nixpkgs": [
          "nixpkgs"
        ],
        "systems": "systems_2",
        "treefmt-nix": [
          "treefmt-nix"
        ]
      },
      "locked": {
        "lastModified": 1780517604,
        "narHash": "sha256-Prm9CZLDzd2fmmToBLLb1Ejiwcmb7Dp9GAE3LwjFjdc=",
        "owner": "numtide",
        "repo": "llm-agents.nix",
        "rev": "6b1143d5ec721f35d189b326115545a120cef508",
        "type": "github"
      },
      "original": {
        "owner": "numtide",
        "repo": "llm-agents.nix",
        "type": "github"
      }
    },
    "n8n-nodes": {
      "inputs": {
        "flake-parts": [
          "flake-parts"
        ],
        "nixpkgs": [
          "nixpkgs"
        ],
        "treefmt-nix": [
          "treefmt-nix"
        ]
      },
      "locked": {
        "lastModified": 1779173798,
        "narHash": "sha256-2hs71bYZq7b78TkRJ4Flw0w8aKG2K1nB0EH7D5ZQCS8=",
        "owner": "mulatta",
        "repo": "n8n-nodes",
        "rev": "32872a4434daaf34d179f2e8cd7482027528acb1",
        "type": "github"
      },
      "original": {
        "owner": "mulatta",
        "repo": "n8n-nodes",
        "type": "github"
      }
    },
    "niks3": {
      "inputs": {
        "nixpkgs": [
          "nixpkgs"
        ],
        "treefmt-nix": [
          "treefmt-nix"
        ]
      },
      "locked": {
        "lastModified": 1780048298,
        "narHash": "sha256-m6dV4M2k+Y649DsJ+CN8nzk01WzXBx8YGl9O68S8LjM=",
        "owner": "Mic92",
        "repo": "niks3",
        "rev": "6a99ed756c95629d586deb8a67952a916a65ae30",
        "type": "github"
      },
      "original": {
        "owner": "Mic92",
        "repo": "niks3",
        "type": "github"
      }
    },
    "nitrous": {
      "inputs": {
        "flake-utils": "flake-utils",
        "nixpkgs": [
          "nixpkgs"
        ]
      },
      "locked": {
        "lastModified": 1775476405,
        "narHash": "sha256-av+EWt9qfkLCvZgfQAssk0EOkTFSRMwrIaaF4/hNTy0=",
        "owner": "pinpox",
        "repo": "nitrous",
        "rev": "8a3f247fcbf152fc8e84bb9bb0ca0969c789fdfd",
        "type": "github"
      },
      "original": {
        "owner": "pinpox",
        "repo": "nitrous",
        "type": "github"
      }
    },
    "nix-darwin": {
      "inputs": {
        "nixpkgs": [
          "nixpkgs"
        ]
      },
      "locked": {
        "lastModified": 1779036909,
        "narHash": "sha256-zXcwYQGCT6pzinK+1dBB2ekTVtfxGZAapb3Evdcu4fY=",
        "owner": "nix-darwin",
        "repo": "nix-darwin",
        "rev": "56c666e108467d87d13508936aade6d567f2a501",
        "type": "github"
      },
      "original": {
        "owner": "nix-darwin",
        "repo": "nix-darwin",
        "type": "github"
      }
    },
    "nix-index-database": {
      "inputs": {
        "nixpkgs": [
          "nixpkgs"
        ]
      },
      "locked": {
        "lastModified": 1780210899,
        "narHash": "sha256-4axz3OBPTKa6LIkXV8n0lc63MQU+et2CB5DGobEAi6k=",
        "owner": "nix-community",
        "repo": "nix-index-database",
        "rev": "97df9dc0b7c924344b793a15c1e8e4522ebb854e",
        "type": "github"
      },
      "original": {
        "owner": "nix-community",
        "repo": "nix-index-database",
        "type": "github"
      }
    },
    "nix-select": {
      "locked": {
        "lastModified": 1763303120,
        "narHash": "sha256-yxcNOha7Cfv2nhVpz9ZXSNKk0R7wt4AiBklJ8D24rVg=",
        "rev": "3d1e3860bef36857a01a2ddecba7cdb0a14c35a9",
        "type": "tarball",
        "url": "https://git.clan.lol/api/v1/repos/clan/nix-select/archive/3d1e3860bef36857a01a2ddecba7cdb0a14c35a9.tar.gz"
      },
      "original": {
        "type": "tarball",
        "url": "https://git.clan.lol/clan/nix-select/archive/main.tar.gz"
      }
    },
    "nixos-facter-modules": {
      "locked": {
        "lastModified": 1773858690,
        "narHash": "sha256-oW0/lC0oRG5H5LaK6Rmh9L1wmkn9TbenM4bXwnIEDKA=",
        "owner": "nix-community",
        "repo": "nixos-facter-modules",
        "rev": "139dcef4dfc97009629c445806f197883351ab4a",
        "type": "github"
      },
      "original": {
        "owner": "nix-community",
        "repo": "nixos-facter-modules",
        "type": "github"
      }
    },
    "nixos-hardware": {
      "inputs": {
        "nixpkgs": "nixpkgs_2"
      },
      "locked": {
        "lastModified": 1780310866,
        "narHash": "sha256-fPBRVf6A5xlACYcOI59shGrjURuvwu0lRsDoSCEXt/I=",
        "owner": "NixOS",
        "repo": "nixos-hardware",
        "rev": "4ed851c979641e28597a05086332d75cdc9e395f",
        "type": "github"
      },
      "original": {
        "owner": "NixOS",
        "repo": "nixos-hardware",
        "type": "github"
      }
    },
    "nixpkgs": {
      "locked": {
        "lastModified": 1778003029,
        "narHash": "sha256-q/nkKLDtHIyLjZpKhWk3cSK5IYsFqtMd6UtXF3ddjgA=",
        "owner": "nixos",
        "repo": "nixpkgs",
        "rev": "0c88e1f2bdb93d5999019e99cb0e61e1fe2af4c5",
        "type": "github"
      },
      "original": {
        "owner": "nixos",
        "ref": "nixos-25.11",
        "repo": "nixpkgs",
        "type": "github"
      }
    },
    "nixpkgs_2": {
      "locked": {
        "lastModified": 1767892417,
        "narHash": "sha256-8bW3q88CEg2u4hSP66Vf4lpbLonHz7hqDNBMcCY7E9U=",
        "rev": "3497aa5c9457a9d88d71fa93a4a8368816fbeeba",
        "type": "tarball",
        "url": "https://releases.nixos.org/nixos/unstable/nixos-26.05pre924538.3497aa5c9457/nixexprs.tar.xz"
      },
      "original": {
        "type": "tarball",
        "url": "https://channels.nixos.org/nixos-unstable/nixexprs.tar.xz"
      }
    },
    "nixpkgs_3": {
      "locked": {
        "lastModified": 1780211166,
        "narHash": "sha256-RxXK6lneLwEMgu0SZkGhc9kfHapPvzUhjz7FEw2+JYU=",
        "ref": "main",
        "rev": "aa2d859fc5043f600ac15653a638d334544057f8",
        "shallow": true,
        "type": "git",
        "url": "https://github.com/mulatta/nixpkgs"
      },
      "original": {
        "ref": "main",
        "shallow": true,
        "type": "git",
        "url": "https://github.com/mulatta/nixpkgs"
      }
    },
    "nixpkgs_4": {
      "locked": {
        "lastModified": 1764667669,
        "narHash": "sha256-7WUCZfmqLAssbDqwg9cUDAXrSoXN79eEEq17qhTNM/Y=",
        "owner": "NixOS",
        "repo": "nixpkgs",
        "rev": "418468ac9527e799809c900eda37cbff999199b6",
        "type": "github"
      },
      "original": {
        "owner": "NixOS",
        "ref": "nixos-unstable",
        "repo": "nixpkgs",
        "type": "github"
      }
    },
    "nixpkgs_5": {
      "locked": {
        "lastModified": 1780243769,
        "narHash": "sha256-x5UQuRsH3MqI0U9afaXSNqzTPSeZlRLvFAav2Ux1pNw=",
        "owner": "NixOS",
        "repo": "nixpkgs",
        "rev": "331800de5053fcebacf6813adb5db9c9dca22a0c",
        "type": "github"
      },
      "original": {
        "owner": "NixOS",
        "ref": "nixos-unstable",
        "repo": "nixpkgs",
        "type": "github"
      }
    },
    "nixpkgs_6": {
      "locked": {
        "lastModified": 1758070117,
        "narHash": "sha256-uLwwHFCZnT1c3N3biVe/0hCkag2GSrf9+M56+Okf+WY=",
        "owner": "nixos",
        "repo": "nixpkgs",
        "rev": "e9b7f2ff62b35f711568b1f0866243c7c302028d",
        "type": "github"
      },
      "original": {
        "owner": "nixos",
        "ref": "nixos-25.05",
        "repo": "nixpkgs",
        "type": "github"
      }
    },
    "noctalia-plugins": {
      "inputs": {
        "nixpkgs": [
          "nixpkgs"
        ]
      },
      "locked": {
        "lastModified": 1779942849,
        "narHash": "sha256-FvlyArr+jD44WB3lcCS6HyxBHv3jn0lwKo87SyaKsU8=",
        "owner": "mulatta",
        "repo": "noctalia-plugins",
        "rev": "d0b98e724a3a3599887567593a55f69c45b1c907",
        "type": "github"
      },
      "original": {
        "owner": "mulatta",
        "repo": "noctalia-plugins",
        "type": "github"
      }
    },
    "opencrow": {
      "inputs": {
        "nixpkgs": [
          "nixpkgs"
        ],
        "treefmt-nix": [
          "treefmt-nix"
        ]
      },
      "locked": {
        "lastModified": 1777888067,
        "narHash": "sha256-rLn110JsNrrIwXiNC1CiCIbaYVngBhko/4ttja2dGKY=",
        "owner": "pinpox",
        "repo": "opencrow",
        "rev": "cbcf107523cea475dfd098d7cc5ffb71d889a890",
        "type": "github"
      },
      "original": {
        "owner": "pinpox",
        "repo": "opencrow",
        "type": "github"
      }
    },
    "overlay-nixpkgs-dante-zenity": {
      "locked": {
        "lastModified": 1774078191,
        "narHash": "sha256-nyxxxW1/2ouu9dU0I02ul5pHrmUrE1JVFhfFlmYe3Lw=",
        "owner": "NixOS",
        "repo": "nixpkgs",
        "rev": "09061f748ee21f68a089cd5d91ec1859cd93d0be",
        "type": "github"
      },
      "original": {
        "owner": "NixOS",
        "repo": "nixpkgs",
        "rev": "09061f748ee21f68a089cd5d91ec1859cd93d0be",
        "type": "github"
      }
    },
    "paneru": {
      "inputs": {
        "flake-parts": [
          "flake-parts"
        ],
        "import-tree": "import-tree",
        "nix-darwin": [
          "nix-darwin"
        ],
        "nixpkgs": [
          "nixpkgs"
        ]
      },
      "locked": {
        "lastModified": 1780520271,
        "narHash": "sha256-B5ww4uIVmFbAd4SYHKpVlnUn9ocmPmFWgC01qrDx9+o=",
        "owner": "karinushka",
        "repo": "paneru",
        "rev": "a0ffb8660b5374dcb8c6f8b6646c2fd1f0084948",
        "type": "github"
      },
      "original": {
        "owner": "karinushka",
        "repo": "paneru",
        "type": "github"
      }
    },
    "pi-agent-extensions": {
      "flake": false,
      "locked": {
        "lastModified": 1780178773,
        "narHash": "sha256-f2FeaY65EOGFXiVDFStmZOz1wtfYxiBc+fDZ8ZzlJbg=",
        "owner": "rytswd",
        "repo": "pi-agent-extensions",
        "rev": "54cba1fbcbbbad733080b98a2b087c69f715cf75",
        "type": "github"
      },
      "original": {
        "owner": "rytswd",
        "repo": "pi-agent-extensions",
        "type": "github"
      }
    },
    "restate-workflows": {
      "inputs": {
        "nixpkgs": [
          "nixpkgs"
        ],
        "treefmt-nix": [
          "treefmt-nix"
        ]
      },
      "locked": {
        "lastModified": 1780349455,
        "narHash": "sha256-oIwebviDijXqZBFhXH8NsFCACF5apNvm7ibQa9KIar0=",
        "owner": "mulatta",
        "repo": "restate-workflows",
        "rev": "8ef06a43dc6f760611274525b9c678e2365171a6",
        "type": "github"
      },
      "original": {
        "owner": "mulatta",
        "repo": "restate-workflows",
        "type": "github"
      }
    },
    "rhwp": {
      "inputs": {
        "flake-parts": [
          "flake-parts"
        ],
        "nixpkgs": [
          "nixpkgs"
        ],
        "rhwp-src": "rhwp-src",
        "rust-overlay": "rust-overlay",
        "treefmt-nix": [
          "treefmt-nix"
        ]
      },
      "locked": {
        "lastModified": 1778663055,
        "narHash": "sha256-q2AbWbA+1/kVGCdU/Ononmuk3todAEAA8iqxzD4sdOQ=",
        "owner": "mulatta",
        "repo": "rhwp-nix",
        "rev": "a50cae05ae69748afa9ee7cf5b937cb8375637e8",
        "type": "github"
      },
      "original": {
        "owner": "mulatta",
        "repo": "rhwp-nix",
        "rev": "a50cae05ae69748afa9ee7cf5b937cb8375637e8",
        "type": "github"
      }
    },
    "rhwp-nextcloud": {
      "inputs": {
        "flake-parts": [
          "flake-parts"
        ],
        "nixpkgs": [
          "nixpkgs"
        ],
        "rhwp-nix": [
          "rhwp"
        ],
        "treefmt-nix": [
          "treefmt-nix"
        ]
      },
      "locked": {
        "lastModified": 1780519915,
        "narHash": "sha256-69S9/yF5zgM/OnjUSgNtpGt8rJLG0nv2MCjiSHpX8jA=",
        "owner": "mulatta",
        "repo": "rhwp-nextcloud",
        "rev": "0f94ff811a4854f0abbd9046365cccd5f53cbb87",
        "type": "github"
      },
      "original": {
        "owner": "mulatta",
        "repo": "rhwp-nextcloud",
        "type": "github"
      }
    },
    "rhwp-src": {
      "flake": false,
      "locked": {
        "lastModified": 1778442513,
        "narHash": "sha256-6h4r7wWuJ0nxSH+hRdo+oGRHOO/1EIjshfGy5ItEt3o=",
        "owner": "edwardkim",
        "repo": "rhwp",
        "rev": "a9dcdee32b17a7f9a20c609a5ed547e62fb8ebae",
        "type": "github"
      },
      "original": {
        "owner": "edwardkim",
        "repo": "rhwp",
        "type": "github"
      }
    },
    "root": {
      "inputs": {
        "clan-core": "clan-core",
        "direnv-instant": "direnv-instant",
        "disko": "disko",
        "fast-nix-gc": "fast-nix-gc",
        "flake-fmt": "flake-fmt",
        "flake-parts": "flake-parts",
        "home-manager": "home-manager",
        "llm-agents": "llm-agents",
        "n8n-nodes": "n8n-nodes",
        "niks3": "niks3",
        "nitrous": "nitrous",
        "nix-darwin": "nix-darwin",
        "nix-index-database": "nix-index-database",
        "nixos-hardware": "nixos-hardware",
        "nixpkgs": "nixpkgs_3",
        "noctalia-plugins": "noctalia-plugins",
        "opencrow": "opencrow",
        "overlay-nixpkgs-dante-zenity": "overlay-nixpkgs-dante-zenity",
        "paneru": "paneru",
        "pi-agent-extensions": "pi-agent-extensions",
        "restate-workflows": "restate-workflows",
        "rhwp": "rhwp",
        "rhwp-nextcloud": "rhwp-nextcloud",
        "skillz": "skillz",
        "sops-nix": "sops-nix",
        "srvos": "srvos",
        "treefmt-nix": "treefmt-nix",
        "zen-browser": "zen-browser",
        "zjstatus": "zjstatus",
        "zsh-helix-mode": "zsh-helix-mode"
      }
    },
    "rust-overlay": {
      "inputs": {
        "nixpkgs": [
          "rhwp",
          "nixpkgs"
        ]
      },
      "locked": {
        "lastModified": 1778555852,
        "narHash": "sha256-55EmwooVAS4UpA0oWd5wilKPRqCiHD5BAej9QiNwheY=",
        "owner": "oxalica",
        "repo": "rust-overlay",
        "rev": "f29b0f7a9f367e0056b716f8aa137cb41e784444",
        "type": "github"
      },
      "original": {
        "owner": "oxalica",
        "repo": "rust-overlay",
        "type": "github"
      }
    },
    "rust-overlay_2": {
      "inputs": {
        "nixpkgs": [
          "zjstatus",
          "nixpkgs"
        ]
      },
      "locked": {
        "lastModified": 1776395632,
        "narHash": "sha256-Mi1uF5f2FsdBIvy+v7MtsqxD3Xjhd0ARJdwoqqqPtJo=",
        "owner": "oxalica",
        "repo": "rust-overlay",
        "rev": "8087ff1f47fff983a1fba70fa88b759f2fd8ae97",
        "type": "github"
      },
      "original": {
        "owner": "oxalica",
        "repo": "rust-overlay",
        "type": "github"
      }
    },
    "skillz": {
      "inputs": {
        "cherri": "cherri",
        "nixpkgs": "nixpkgs_5",
        "treefmt-nix": [
          "treefmt-nix"
        ]
      },
      "locked": {
        "lastModified": 1780349654,
        "narHash": "sha256-2TbtDRYXxpfmp1AEJ51afdrCMPMWgYKfQkXggNVuU1A=",
        "owner": "mulatta",
        "repo": "skillz",
        "rev": "d173bf7623182dc2ab5cb76f09e029eca1edb28a",
        "type": "github"
      },
      "original": {
        "owner": "mulatta",
        "repo": "skillz",
        "type": "github"
      }
    },
    "sops-nix": {
      "inputs": {
        "nixpkgs": [
          "nixpkgs"
        ]
      },
      "locked": {
        "lastModified": 1777944972,
        "narHash": "sha256-VfGRo1qTBKOe3s2gOv8LSoA6Fk19PvBlwQ1ECN0Evn8=",
        "owner": "Mic92",
        "repo": "sops-nix",
        "rev": "c591bf665727040c6cc5cb409079acb22dcce33c",
        "type": "github"
      },
      "original": {
        "owner": "Mic92",
        "repo": "sops-nix",
        "type": "github"
      }
    },
    "srvos": {
      "inputs": {
        "nixpkgs": [
          "nixpkgs"
        ]
      },
      "locked": {
        "lastModified": 1780391957,
        "narHash": "sha256-dPoi/DCQYlMGk9MRNODrI0VKTyLw4VzXMgIijQqhRIo=",
        "owner": "nix-community",
        "repo": "srvos",
        "rev": "f7378bf89f4c4c0b5e3bf18079a7366a78beba07",
        "type": "github"
      },
      "original": {
        "owner": "nix-community",
        "repo": "srvos",
        "type": "github"
      }
    },
    "systems": {
      "locked": {
        "lastModified": 1681028828,
        "narHash": "sha256-Vy1rq5AaRuLzOxct8nz4T6wlgyUR7zLU309k9mBC768=",
        "owner": "nix-systems",
        "repo": "default",
        "rev": "da67096a3b9bf56a91d16901293e51ba5b49a27e",
        "type": "github"
      },
      "original": {
        "owner": "nix-systems",
        "repo": "default",
        "type": "github"
      }
    },
    "systems_2": {
      "locked": {
        "lastModified": 1681028828,
        "narHash": "sha256-Vy1rq5AaRuLzOxct8nz4T6wlgyUR7zLU309k9mBC768=",
        "owner": "nix-systems",
        "repo": "default",
        "rev": "da67096a3b9bf56a91d16901293e51ba5b49a27e",
        "type": "github"
      },
      "original": {
        "owner": "nix-systems",
        "repo": "default",
        "type": "github"
      }
    },
    "systems_3": {
      "locked": {
        "lastModified": 1681028828,
        "narHash": "sha256-Vy1rq5AaRuLzOxct8nz4T6wlgyUR7zLU309k9mBC768=",
        "owner": "nix-systems",
        "repo": "default",
        "rev": "da67096a3b9bf56a91d16901293e51ba5b49a27e",
        "type": "github"
      },
      "original": {
        "owner": "nix-systems",
        "repo": "default",
        "type": "github"
      }
    },
    "systems_4": {
      "locked": {
        "lastModified": 1681028828,
        "narHash": "sha256-Vy1rq5AaRuLzOxct8nz4T6wlgyUR7zLU309k9mBC768=",
        "owner": "nix-systems",
        "repo": "default",
        "rev": "da67096a3b9bf56a91d16901293e51ba5b49a27e",
        "type": "github"
      },
      "original": {
        "owner": "nix-systems",
        "repo": "default",
        "type": "github"
      }
    },
    "systems_5": {
      "locked": {
        "lastModified": 1681028828,
        "narHash": "sha256-Vy1rq5AaRuLzOxct8nz4T6wlgyUR7zLU309k9mBC768=",
        "owner": "nix-systems",
        "repo": "default",
        "rev": "da67096a3b9bf56a91d16901293e51ba5b49a27e",
        "type": "github"
      },
      "original": {
        "owner": "nix-systems",
        "repo": "default",
        "type": "github"
      }
    },
    "treefmt-nix": {
      "inputs": {
        "nixpkgs": [
          "nixpkgs"
        ]
      },
      "locked": {
        "lastModified": 1780220602,
        "narHash": "sha256-eynAfOmbmxJnkp7YewvCEbShNnnYJ9gLLqkzsYtBPeM=",
        "owner": "numtide",
        "repo": "treefmt-nix",
        "rev": "db947814a175b7ca6ded66e21383d938df01c227",
        "type": "github"
      },
      "original": {
        "owner": "numtide",
        "repo": "treefmt-nix",
        "type": "github"
      }
    },
    "zen-browser": {
      "inputs": {
        "home-manager": "home-manager_2",
        "nixpkgs": [
          "nixpkgs"
        ]
      },
      "locked": {
        "lastModified": 1780567926,
        "narHash": "sha256-LVaiAnBwgr2YotaIlrcwCgmbwHsE2ccegRztLjur/d4=",
        "owner": "0xc000022070",
        "repo": "zen-browser-flake",
        "rev": "eea9ae34eb9011aee9b8ce8ee2bc2dd111ee8285",
        "type": "github"
      },
      "original": {
        "owner": "0xc000022070",
        "repo": "zen-browser-flake",
        "type": "github"
      }
    },
    "zjstatus": {
      "inputs": {
        "crane": "crane",
        "flake-utils": "flake-utils_3",
        "nixpkgs": [
          "nixpkgs"
        ],
        "rust-overlay": "rust-overlay_2"
      },
      "locked": {
        "lastModified": 1780512417,
        "narHash": "sha256-/LsFGF0BAYdiVVQZ/8vjo6IXuSsYS+ueIWHN47NHEAc=",
        "owner": "dj95",
        "repo": "zjstatus",
        "rev": "17609e498f88e674b846b844b48ad1dc545fddcf",
        "type": "github"
      },
      "original": {
        "owner": "dj95",
        "repo": "zjstatus",
        "type": "github"
      }
    },
    "zsh-helix-mode": {
      "inputs": {
        "nixpkgs": "nixpkgs_6"
      },
      "locked": {
        "lastModified": 1774203535,
        "narHash": "sha256-YggmEZ5hRySwXR+VZFKKZ+HzH5Cvz0661QeiAjlE30E=",
        "owner": "Multirious",
        "repo": "zsh-helix-mode",
        "rev": "e8d4940588f9809ab5658aa7c9c664921d547879",
        "type": "github"
      },
      "original": {
        "owner": "Multirious",
        "repo": "zsh-helix-mode",
        "type": "github"
      }
    }
  },
  "root": "root",
  "version": 7
}
