{
  "nodes": {
    "automation-runtime": {
      "inputs": {
        "nixpkgs": [
          "nixpkgs"
        ],
        "treefmt-nix": [
          "treefmt-nix"
        ]
      },
      "locked": {
        "lastModified": 1782833401,
        "narHash": "sha256-UJoyMQq5OZDmRWl7WnVr6yPQsGC0YRRXfXg+4z9RjP4=",
        "owner": "mulatta",
        "repo": "automation-runtime",
        "rev": "2aaa656f85bfd86ee67395715a58145d8c140edb",
        "type": "github"
      },
      "original": {
        "owner": "mulatta",
        "repo": "automation-runtime",
        "type": "github"
      }
    },
    "blueprint": {
      "inputs": {
        "nixpkgs": [
          "llm-agents",
          "nixpkgs"
        ],
        "systems": [
          "llm-agents",
          "systems"
        ]
      },
      "locked": {
        "lastModified": 1776249299,
        "narHash": "sha256-Dt9t1TGRmJFc0xVYhttNBD6QsAgHOHCArqGa0AyjrJY=",
        "owner": "numtide",
        "repo": "blueprint",
        "rev": "56131e8628f173d24a27f6d27c0215eff57e40dd",
        "type": "github"
      },
      "original": {
        "owner": "numtide",
        "repo": "blueprint",
        "type": "github"
      }
    },
    "bun2nix": {
      "inputs": {
        "flake-parts": [
          "llm-agents",
          "flake-parts"
        ],
        "nixpkgs": [
          "llm-agents",
          "nixpkgs"
        ],
        "systems": [
          "llm-agents",
          "systems"
        ],
        "treefmt-nix": [
          "llm-agents",
          "treefmt-nix"
        ]
      },
      "locked": {
        "lastModified": 1778446047,
        "narHash": "sha256-oQvcadh2BCkrog+SGrG6YffKJrveYpjj3TdQJWaKhaM=",
        "owner": "nix-community",
        "repo": "bun2nix",
        "rev": "f2bc12af1a6369648aac41041ceeaa0b866599c6",
        "type": "github"
      },
      "original": {
        "owner": "nix-community",
        "repo": "bun2nix",
        "type": "github"
      }
    },
    "cherri": {
      "inputs": {
        "flake-utils": "flake-utils_2",
        "nixpkgs": "nixpkgs_4"
      },
      "locked": {
        "lastModified": 1780794233,
        "narHash": "sha256-sjiMkmfyNeKhcvlmRIBD79zeovkHcttUffC8gwljb+E=",
        "owner": "electrikmilk",
        "repo": "cherri",
        "rev": "68f3f3feaf00768f7943f650b2230605355936ed",
        "type": "github"
      },
      "original": {
        "owner": "electrikmilk",
        "repo": "cherri",
        "type": "github"
      }
    },
    "clan-core": {
      "inputs": {
        "data-mesher": "data-mesher",
        "disko": [
          "disko"
        ],
        "flake-parts": [
          "flake-parts"
        ],
        "nix-darwin": [
          "nix-darwin"
        ],
        "nix-select": "nix-select",
        "nixos-facter-modules": "nixos-facter-modules",
        "nixpkgs": "nixpkgs",
        "sops-nix": [
          "sops-nix"
        ],
        "systems": "systems",
        "treefmt-nix": [
          "treefmt-nix"
        ]
      },
      "locked": {
        "lastModified": 1779116933,
        "narHash": "sha256-BoSQT4vbuWbGcDbXp4nqBd1I9X8r+dLSPtTbc5yJd28=",
        "rev": "10d86d5d8291fe5162a5535f433a4d50efc4b2bc",
        "type": "tarball",
        "url": "https://git.clan.lol/api/v1/repos/clan/clan-core/archive/10d86d5d8291fe5162a5535f433a4d50efc4b2bc.tar.gz"
      },
      "original": {
        "type": "tarball",
        "url": "https://git.clan.lol/clan/clan-core/archive/25.11.tar.gz"
      }
    },
    "crane": {
      "locked": {
        "lastModified": 1781825982,
        "narHash": "sha256-SlXKwIRIhrOSAcTjCB3ftPLzJWZStQIPS7J1FlZPnKk=",
        "owner": "ipetkov",
        "repo": "crane",
        "rev": "469fd08d0bcf6926321fa973c6777fbc87785dd7",
        "type": "github"
      },
      "original": {
        "owner": "ipetkov",
        "repo": "crane",
        "type": "github"
      }
    },
    "data-mesher": {
      "inputs": {
        "flake-parts": [
          "clan-core",
          "flake-parts"
        ],
        "nixpkgs": [
          "clan-core",
          "nixpkgs"
        ],
        "treefmt-nix": [
          "clan-core",
          "treefmt-nix"
        ]
      },
      "locked": {
        "lastModified": 1767582502,
        "narHash": "sha256-WVcYGWcAlWzVt38OaTC5i5Q3QkIKJKZsJ7LcQZVVxeE=",
        "rev": "31f2e3ecf207fd2760e3cebf7c2cf3cb7170ea3d",
        "type": "tarball",
        "url": "https://git.clan.lol/api/v1/repos/clan/data-mesher/archive/31f2e3ecf207fd2760e3cebf7c2cf3cb7170ea3d.tar.gz"
      },
      "original": {
        "type": "tarball",
        "url": "https://git.clan.lol/clan/data-mesher/archive/main.tar.gz"
      }
    },
    "direnv-instant": {
      "inputs": {
        "flake-parts": [
          "flake-parts"
        ],
        "nixpkgs": [
          "nixpkgs"
        ],
        "treefmt-nix": [
          "treefmt-nix"
        ]
      },
      "locked": {
        "lastModified": 1781766454,
        "narHash": "sha256-f4yQVdfmgflkqah/bSzgamaZPajl73TQYpvkWptujko=",
        "owner": "Mic92",
        "repo": "direnv-instant",
        "rev": "0dcf752d9476f7f8b75a9e94a43ca376f0716be4",
        "type": "github"
      },
      "original": {
        "owner": "Mic92",
        "repo": "direnv-instant",
        "type": "github"
      }
    },
    "disko": {
      "inputs": {
        "nixpkgs": [
          "nixpkgs"
        ]
      },
      "locked": {
        "lastModified": 1780290312,
        "narHash": "sha256-eTAlX0CwgB84Ts3GaBd944A3DRXVMzgA0EqroZBISUo=",
        "owner": "nix-community",
        "repo": "disko",
        "rev": "115e5211780054d8a890b41f0b7734cafad54dfe",
        "type": "github"
      },
      "original": {
        "owner": "nix-community",
        "repo": "disko",
        "type": "github"
      }
    },
    "fast-nix-gc": {
      "inputs": {
        "nix-darwin": [
          "nix-darwin"
        ],
        "nixpkgs": [
          "nixpkgs"
        ],
        "treefmt-nix": [
          "treefmt-nix"
        ]
      },
      "locked": {
        "lastModified": 1782724226,
        "narHash": "sha256-3LUiQ9vfNc9YmgXNC6yO7uvLbL9GUj59f4/vS2unZN4=",
        "owner": "Mic92",
        "repo": "fast-nix-gc",
        "rev": "478b6c87af6f03df7167cdfcb8e4f26cdce15a82",
        "type": "github"
      },
      "original": {
        "owner": "Mic92",
        "repo": "fast-nix-gc",
        "type": "github"
      }
    },
    "flake-compat": {
      "flake": false,
      "locked": {
        "lastModified": 1747046372,
        "narHash": "sha256-CIVLLkVgvHYbgI2UpXvIIBJ12HWgX+fjA8Xf8PUmqCY=",
        "owner": "edolstra",
        "repo": "flake-compat",
        "rev": "9100a0f413b0c601e0533d1d94ffd501ce2e7885",
        "type": "github"
      },
      "original": {
        "owner": "edolstra",
        "repo": "flake-compat",
        "type": "github"
      }
    },
    "flake-fmt": {
      "inputs": {
        "nixpkgs": [
          "nixpkgs"
        ]
      },
      "locked": {
        "lastModified": 1781138663,
        "narHash": "sha256-mPH4O5NP/2OTexdINAURKt2+hWUZOPCdxIv/60nuZeA=",
        "owner": "Mic92",
        "repo": "flake-fmt",
        "rev": "6d6caa39cdd3690b7483f47a692f45b32479b7c5",
        "type": "github"
      },
      "original": {
        "owner": "Mic92",
        "repo": "flake-fmt",
        "type": "github"
      }
    },
    "flake-parts": {
      "inputs": {
        "nixpkgs-lib": [
          "nixpkgs"
        ]
      },
      "locked": {
        "lastModified": 1778716662,
        "narHash": "sha256-m1Yf0wZ8j1OHjTc2UwHwyQRSnNeSgLJOd7q5Y45hzi4=",
        "owner": "hercules-ci",
        "repo": "flake-parts",
        "rev": "f7c1a2d347e4c52d5fb8d10cb4d94b5884e546fb",
        "type": "github"
      },
      "original": {
        "owner": "hercules-ci",
        "repo": "flake-parts",
        "type": "github"
      }
    },
    "flake-utils": {
      "inputs": {
        "systems": "systems_3"
      },
      "locked": {
        "lastModified": 1731533236,
        "narHash": "sha256-l0KFg5HjrsfsO/JpG+r7fRrqm12kzFHyUHqHCVpMMbI=",
        "owner": "numtide",
        "repo": "flake-utils",
        "rev": "11707dc2f618dd54ca8739b309ec4fc024de578b",
        "type": "github"
      },
      "original": {
        "owner": "numtide",
        "repo": "flake-utils",
        "type": "github"
      }
    },
    "flake-utils_2": {
      "inputs": {
        "systems": "systems_5"
      },
      "locked": {
        "lastModified": 1731533236,
        "narHash": "sha256-l0KFg5HjrsfsO/JpG+r7fRrqm12kzFHyUHqHCVpMMbI=",
        "owner": "numtide",
        "repo": "flake-utils",
        "rev": "11707dc2f618dd54ca8739b309ec4fc024de578b",
        "type": "github"
      },
      "original": {
        "owner": "numtide",
        "repo": "flake-utils",
        "type": "github"
      }
    },
    "flake-utils_3": {
      "inputs": {
        "systems": "systems_6"
      },
      "locked": {
        "lastModified": 1731533236,
        "narHash": "sha256-l0KFg5HjrsfsO/JpG+r7fRrqm12kzFHyUHqHCVpMMbI=",
        "owner": "numtide",
        "repo": "flake-utils",
        "rev": "11707dc2f618dd54ca8739b309ec4fc024de578b",
        "type": "github"
      },
      "original": {
        "owner": "numtide",
        "repo": "flake-utils",
        "type": "github"
      }
    },
    "home-manager": {
      "inputs": {
        "nixpkgs": [
          "nixpkgs"
        ]
      },
      "locked": {
        "lastModified": 1781615165,
        "narHash": "sha256-CFF4fNNfr2GZSx1xJhBNBi7VMj8OtOqZGOV+fiBSbzw=",
        "owner": "nix-community",
        "repo": "home-manager",
        "rev": "34dd288e65012954cf7170658e0e6a61255b0327",
        "type": "github"
      },
      "original": {
        "owner": "nix-community",
        "repo": "home-manager",
        "type": "github"
      }
    },
    "home-manager_2": {
      "inputs": {
        "nixpkgs": [
          "zen-browser",
          "nixpkgs"
        ]
      },
      "locked": {
        "lastModified": 1781497404,
        "narHash": "sha256-9GAF8sSsnkyCVCWkomXR0T+zdSxyUlfPt6neQidimdg=",
        "owner": "nix-community",
        "repo": "home-manager",
        "rev": "1285cd3d6882a9847f2d56ed5541b3350c8a6162",
        "type": "github"
      },
      "original": {
        "owner": "nix-community",
        "repo": "home-manager",
        "type": "github"
      }
    },
    "import-tree": {
      "locked": {
        "lastModified": 1773693634,
        "narHash": "sha256-BtZ2dtkBdSUnFPPFc+n0kcMbgaTxzFNPv2iaO326Ffg=",
        "owner": "vic",
        "repo": "import-tree",
        "rev": "c41e7d58045f9057880b0d85e1152d6a4430dbf1",
        "type": "github"
      },
      "original": {
        "owner": "vic",
        "repo": "import-tree",
        "type": "github"
      }
    },
    "llm-agents": {
      "inputs": {
        "blueprint": "blueprint",
        "bun2nix": "bun2nix",
        "flake-parts": [
          "flake-parts"
        ],
        "nixpkgs": [
          "nixpkgs"
        ],
        "systems": "systems_2",
        "treefmt-nix": [
          "treefmt-nix"
        ]
      },
      "locked": {
        "lastModified": 1781245669,
        "narHash": "sha256-kbVCdRcll+JaelSqVNHhW38oQD5dctDLi/vRWT9t6/M=",
        "owner": "numtide",
        "repo": "llm-agents.nix",
        "rev": "10a7a6c07357af3351455eb4b3638418a4e76fec",
        "type": "github"
      },
      "original": {
        "owner": "numtide",
        "repo": "llm-agents.nix",
        "type": "github"
      }
    },
    "n8n-nodes": {
      "inputs": {
        "flake-parts": [
          "flake-parts"
        ],
        "nixpkgs": [
          "nixpkgs"
        ],
        "treefmt-nix": [
          "treefmt-nix"
        ]
      },
      "locked": {
        "lastModified": 1782979781,
        "narHash": "sha256-hM3Da76PRiPUekWI4gjQ/4Nt8WrASo8YPDbiiduHdEY=",
        "owner": "mulatta",
        "repo": "n8n-nodes",
        "rev": "499164d51b7ace850958039f498dfcec6be23ecf",
        "type": "github"
      },
      "original": {
        "owner": "mulatta",
        "repo": "n8n-nodes",
        "type": "github"
      }
    },
    "niks3": {
      "inputs": {
        "nixpkgs": [
          "nixpkgs"
        ],
        "treefmt-nix": [
          "treefmt-nix"
        ]
      },
      "locked": {
        "lastModified": 1782725449,
        "narHash": "sha256-nVJVk00K36bCwI/+3lFl2LMMNSTrrZjBH8L75p/TWn0=",
        "owner": "Mic92",
        "repo": "niks3",
        "rev": "11c13eef3a9b19233fda6b8b8940e1d92db45c9e",
        "type": "github"
      },
      "original": {
        "owner": "Mic92",
        "repo": "niks3",
        "type": "github"
      }
    },
    "nitrous": {
      "inputs": {
        "flake-utils": "flake-utils",
        "nixpkgs": [
          "nixpkgs"
        ]
      },
      "locked": {
        "lastModified": 1775476405,
        "narHash": "sha256-av+EWt9qfkLCvZgfQAssk0EOkTFSRMwrIaaF4/hNTy0=",
        "owner": "pinpox",
        "repo": "nitrous",
        "rev": "8a3f247fcbf152fc8e84bb9bb0ca0969c789fdfd",
        "type": "github"
      },
      "original": {
        "owner": "pinpox",
        "repo": "nitrous",
        "type": "github"
      }
    },
    "nix-darwin": {
      "inputs": {
        "nixpkgs": [
          "nixpkgs"
        ]
      },
      "locked": {
        "lastModified": 1781242433,
        "narHash": "sha256-bchLZZ3sRn740zyvD2icZSnNoTaanN0nw7l6fjVXO+E=",
        "owner": "nix-darwin",
        "repo": "nix-darwin",
        "rev": "aabb2037edfc0f210723b72cd5f528aab5dd3f0b",
        "type": "github"
      },
      "original": {
        "owner": "nix-darwin",
        "repo": "nix-darwin",
        "type": "github"
      }
    },
    "nix-index-database": {
      "inputs": {
        "nixpkgs": [
          "nixpkgs"
        ]
      },
      "locked": {
        "lastModified": 1780816331,
        "narHash": "sha256-0BYqs8yKWkOz2Q7+SP18N5E5gmDKSo6LSxIVIa0wWes=",
        "owner": "nix-community",
        "repo": "nix-index-database",
        "rev": "1a2ea89c917781e88508d9fd2b507f2d2a0e173c",
        "type": "github"
      },
      "original": {
        "owner": "nix-community",
        "repo": "nix-index-database",
        "type": "github"
      }
    },
    "nix-minecraft": {
      "inputs": {
        "flake-compat": "flake-compat",
        "nixpkgs": [
          "nixpkgs"
        ],
        "systems": "systems_4"
      },
      "locked": {
        "lastModified": 1780375694,
        "narHash": "sha256-TznzgYVONg28KiSFB2rVdf/eLVIMtEQOxKt13Kzyrp8=",
        "owner": "Infinidoge",
        "repo": "nix-minecraft",
        "rev": "e6f8bec35104ca5955efe73742da58d2823684f7",
        "type": "github"
      },
      "original": {
        "owner": "Infinidoge",
        "repo": "nix-minecraft",
        "type": "github"
      }
    },
    "nix-select": {
      "locked": {
        "lastModified": 1763303120,
        "narHash": "sha256-yxcNOha7Cfv2nhVpz9ZXSNKk0R7wt4AiBklJ8D24rVg=",
        "rev": "3d1e3860bef36857a01a2ddecba7cdb0a14c35a9",
        "type": "tarball",
        "url": "https://git.clan.lol/api/v1/repos/clan/nix-select/archive/3d1e3860bef36857a01a2ddecba7cdb0a14c35a9.tar.gz"
      },
      "original": {
        "type": "tarball",
        "url": "https://git.clan.lol/clan/nix-select/archive/main.tar.gz"
      }
    },
    "nixos-facter-modules": {
      "locked": {
        "lastModified": 1773858690,
        "narHash": "sha256-oW0/lC0oRG5H5LaK6Rmh9L1wmkn9TbenM4bXwnIEDKA=",
        "owner": "nix-community",
        "repo": "nixos-facter-modules",
        "rev": "139dcef4dfc97009629c445806f197883351ab4a",
        "type": "github"
      },
      "original": {
        "owner": "nix-community",
        "repo": "nixos-facter-modules",
        "type": "github"
      }
    },
    "nixos-hardware": {
      "inputs": {
        "nixpkgs": "nixpkgs_2"
      },
      "locked": {
        "lastModified": 1781622756,
        "narHash": "sha256-JrPh4M6S7aPsEE9tOENuZrxC6o2szSLlK+t4+nLke9s=",
        "owner": "NixOS",
        "repo": "nixos-hardware",
        "rev": "08018c72174a4df5657f8d94178ac69fb9c243e5",
        "type": "github"
      },
      "original": {
        "owner": "NixOS",
        "repo": "nixos-hardware",
        "type": "github"
      }
    },
    "nixpkgs": {
      "locked": {
        "lastModified": 1778003029,
        "narHash": "sha256-q/nkKLDtHIyLjZpKhWk3cSK5IYsFqtMd6UtXF3ddjgA=",
        "owner": "nixos",
        "repo": "nixpkgs",
        "rev": "0c88e1f2bdb93d5999019e99cb0e61e1fe2af4c5",
        "type": "github"
      },
      "original": {
        "owner": "nixos",
        "ref": "nixos-25.11",
        "repo": "nixpkgs",
        "type": "github"
      }
    },
    "nixpkgs_2": {
      "locked": {
        "lastModified": 1767892417,
        "narHash": "sha256-8bW3q88CEg2u4hSP66Vf4lpbLonHz7hqDNBMcCY7E9U=",
        "rev": "3497aa5c9457a9d88d71fa93a4a8368816fbeeba",
        "type": "tarball",
        "url": "https://releases.nixos.org/nixos/unstable/nixos-26.05pre924538.3497aa5c9457/nixexprs.tar.xz"
      },
      "original": {
        "type": "tarball",
        "url": "https://channels.nixos.org/nixos-unstable/nixexprs.tar.xz"
      }
    },
    "nixpkgs_3": {
      "locked": {
        "lastModified": 1782981601,
        "narHash": "sha256-cqjuLi4+hxlcLFkaDAySKYAH3AWjmreIlxpBjU6/x2w=",
        "ref": "main",
        "rev": "b90d0164489f84e2cc975d5996ee2127d5864e3c",
        "shallow": true,
        "type": "git",
        "url": "https://github.com/mulatta/nixpkgs"
      },
      "original": {
        "ref": "main",
        "shallow": true,
        "type": "git",
        "url": "https://github.com/mulatta/nixpkgs"
      }
    },
    "nixpkgs_4": {
      "locked": {
        "lastModified": 1764667669,
        "narHash": "sha256-7WUCZfmqLAssbDqwg9cUDAXrSoXN79eEEq17qhTNM/Y=",
        "owner": "NixOS",
        "repo": "nixpkgs",
        "rev": "418468ac9527e799809c900eda37cbff999199b6",
        "type": "github"
      },
      "original": {
        "owner": "NixOS",
        "ref": "nixos-unstable",
        "repo": "nixpkgs",
        "type": "github"
      }
    },
    "nixpkgs_5": {
      "locked": {
        "lastModified": 1781577229,
        "narHash": "sha256-lrp67w8AulE9Ks53n27I45ADSzbOCn4H+CNW1Ck8B+8=",
        "owner": "NixOS",
        "repo": "nixpkgs",
        "rev": "567a49d1913ce81ac6e9582e3553dd90a955875f",
        "type": "github"
      },
      "original": {
        "owner": "NixOS",
        "ref": "nixos-unstable",
        "repo": "nixpkgs",
        "type": "github"
      }
    },
    "nixpkgs_6": {
      "locked": {
        "lastModified": 1781074563,
        "narHash": "sha256-md8WlXOlfnIeHeOScMTTHFyf2d6iaTwPl2apR5EQ3P4=",
        "owner": "NixOS",
        "repo": "nixpkgs",
        "rev": "9ae611a455b90cf061d8f332b977e387bda8e1ca",
        "type": "github"
      },
      "original": {
        "owner": "NixOS",
        "ref": "nixos-unstable",
        "repo": "nixpkgs",
        "type": "github"
      }
    },
    "nixpkgs_7": {
      "locked": {
        "lastModified": 1758070117,
        "narHash": "sha256-uLwwHFCZnT1c3N3biVe/0hCkag2GSrf9+M56+Okf+WY=",
        "owner": "nixos",
        "repo": "nixpkgs",
        "rev": "e9b7f2ff62b35f711568b1f0866243c7c302028d",
        "type": "github"
      },
      "original": {
        "owner": "nixos",
        "ref": "nixos-25.05",
        "repo": "nixpkgs",
        "type": "github"
      }
    },
    "noctalia-plugins": {
      "inputs": {
        "nixpkgs": [
          "nixpkgs"
        ]
      },
      "locked": {
        "lastModified": 1779942849,
        "narHash": "sha256-FvlyArr+jD44WB3lcCS6HyxBHv3jn0lwKo87SyaKsU8=",
        "owner": "mulatta",
        "repo": "noctalia-plugins",
        "rev": "d0b98e724a3a3599887567593a55f69c45b1c907",
        "type": "github"
      },
      "original": {
        "owner": "mulatta",
        "repo": "noctalia-plugins",
        "type": "github"
      }
    },
    "opencrow": {
      "inputs": {
        "nixpkgs": [
          "nixpkgs"
        ],
        "treefmt-nix": [
          "treefmt-nix"
        ]
      },
      "locked": {
        "lastModified": 1782727145,
        "narHash": "sha256-buooDQiylOxQBO6nvATodIpC/jp9Vic+JvWYYrTCv7M=",
        "owner": "pinpox",
        "repo": "opencrow",
        "rev": "b6a2b714bbb8d10f848b9f859283bb5745f7dccf",
        "type": "github"
      },
      "original": {
        "owner": "pinpox",
        "repo": "opencrow",
        "type": "github"
      }
    },
    "paneru": {
      "inputs": {
        "flake-parts": [
          "flake-parts"
        ],
        "import-tree": "import-tree",
        "nix-darwin": [
          "nix-darwin"
        ],
        "nixpkgs": [
          "nixpkgs"
        ]
      },
      "locked": {
        "lastModified": 1778930612,
        "narHash": "sha256-P8A28erM9stMtuxY4UbjSNPNj5ADXAR7B2Ouk4JBUA8=",
        "owner": "karinushka",
        "repo": "paneru",
        "rev": "9792638bb5fae607a23d4e9ec76fb7c1c4fa0cd3",
        "type": "github"
      },
      "original": {
        "owner": "karinushka",
        "ref": "v0.4.2",
        "repo": "paneru",
        "type": "github"
      }
    },
    "pi-agent-extensions": {
      "flake": false,
      "locked": {
        "lastModified": 1781528793,
        "narHash": "sha256-sWFbRQ6xa1zpB1/F3RgFN+BcNgBau/5KhYNcHCLpA1E=",
        "owner": "rytswd",
        "repo": "pi-agent-extensions",
        "rev": "8ab1546585b0ed117ec090675ed2eccdeb19cdca",
        "type": "github"
      },
      "original": {
        "owner": "rytswd",
        "repo": "pi-agent-extensions",
        "type": "github"
      }
    },
    "rhwp": {
      "inputs": {
        "flake-parts": [
          "flake-parts"
        ],
        "nixpkgs": [
          "nixpkgs"
        ],
        "rhwp-src": "rhwp-src",
        "rust-overlay": "rust-overlay",
        "treefmt-nix": [
          "treefmt-nix"
        ]
      },
      "locked": {
        "lastModified": 1782392514,
        "narHash": "sha256-8rvO5tNchGnesC+t7ODk5MIkuBh6KLjGFXI/2W/EDoM=",
        "owner": "mulatta",
        "repo": "rhwp-nix",
        "rev": "e9dd0fbc8278456ff6ca9c0b55eb66e9c2b9e2d7",
        "type": "github"
      },
      "original": {
        "owner": "mulatta",
        "repo": "rhwp-nix",
        "type": "github"
      }
    },
    "rhwp-nextcloud": {
      "inputs": {
        "flake-parts": [
          "flake-parts"
        ],
        "nixpkgs": [
          "nixpkgs"
        ],
        "rhwp-nix": [
          "rhwp"
        ],
        "treefmt-nix": [
          "treefmt-nix"
        ]
      },
      "locked": {
        "lastModified": 1782396218,
        "narHash": "sha256-UrT7lEb/l0hEwg5tkKvJpeCOSU0fBTKxYOL3PQMG7BA=",
        "owner": "mulatta",
        "repo": "rhwp-nextcloud",
        "rev": "fbb94dfe113333aa2024b03ab2cad4221f559d3e",
        "type": "github"
      },
      "original": {
        "owner": "mulatta",
        "repo": "rhwp-nextcloud",
        "type": "github"
      }
    },
    "rhwp-src": {
      "flake": false,
      "locked": {
        "lastModified": 1782315019,
        "narHash": "sha256-phDhnuF5UwUsXuHPOgihzT3hfyBlpQItwrLcSC8fgDs=",
        "owner": "edwardkim",
        "repo": "rhwp",
        "rev": "10f5c51e65e0e8e9260cf1498972db14ea04c29e",
        "type": "github"
      },
      "original": {
        "owner": "edwardkim",
        "repo": "rhwp",
        "type": "github"
      }
    },
    "root": {
      "inputs": {
        "automation-runtime": "automation-runtime",
        "clan-core": "clan-core",
        "direnv-instant": "direnv-instant",
        "disko": "disko",
        "fast-nix-gc": "fast-nix-gc",
        "flake-fmt": "flake-fmt",
        "flake-parts": "flake-parts",
        "home-manager": "home-manager",
        "llm-agents": "llm-agents",
        "n8n-nodes": "n8n-nodes",
        "niks3": "niks3",
        "nitrous": "nitrous",
        "nix-darwin": "nix-darwin",
        "nix-index-database": "nix-index-database",
        "nix-minecraft": "nix-minecraft",
        "nixos-hardware": "nixos-hardware",
        "nixpkgs": "nixpkgs_3",
        "noctalia-plugins": "noctalia-plugins",
        "opencrow": "opencrow",
        "paneru": "paneru",
        "pi-agent-extensions": "pi-agent-extensions",
        "rhwp": "rhwp",
        "rhwp-nextcloud": "rhwp-nextcloud",
        "skillz": "skillz",
        "sops-nix": "sops-nix",
        "srvos": "srvos",
        "treefmt-nix": "treefmt-nix",
        "zen-browser": "zen-browser",
        "zhost": "zhost",
        "zjstatus": "zjstatus",
        "zsh-helix-mode": "zsh-helix-mode"
      }
    },
    "rust-overlay": {
      "inputs": {
        "nixpkgs": [
          "rhwp",
          "nixpkgs"
        ]
      },
      "locked": {
        "lastModified": 1781493707,
        "narHash": "sha256-lzf7qdQWuiY0T9VEbfH2CmP1LZQAYooU/sZuSgEJEBk=",
        "owner": "oxalica",
        "repo": "rust-overlay",
        "rev": "06f25b8e40805beb2121a4dae4cc37d6f981800f",
        "type": "github"
      },
      "original": {
        "owner": "oxalica",
        "repo": "rust-overlay",
        "type": "github"
      }
    },
    "rust-overlay_2": {
      "inputs": {
        "nixpkgs": [
          "zjstatus",
          "nixpkgs"
        ]
      },
      "locked": {
        "lastModified": 1782184651,
        "narHash": "sha256-4XHdXp3MRa++XiGkltJChCtdbCmSlNTwQRfWQOhqbRw=",
        "owner": "oxalica",
        "repo": "rust-overlay",
        "rev": "f59bc28dd0b89e9c0240d1b80195559fc79c2471",
        "type": "github"
      },
      "original": {
        "owner": "oxalica",
        "repo": "rust-overlay",
        "type": "github"
      }
    },
    "skillz": {
      "inputs": {
        "cherri": "cherri",
        "nixpkgs": "nixpkgs_5",
        "treefmt-nix": [
          "treefmt-nix"
        ]
      },
      "locked": {
        "lastModified": 1782063677,
        "narHash": "sha256-CD/FkbCHj/uod7izvohsd33T0FYqdyvcQgwxEJxxmH0=",
        "owner": "mulatta",
        "repo": "skillz",
        "rev": "730ab92a86921520dbe85ad5758b23063f8e297c",
        "type": "github"
      },
      "original": {
        "owner": "mulatta",
        "repo": "skillz",
        "type": "github"
      }
    },
    "sops-nix": {
      "inputs": {
        "nixpkgs": [
          "nixpkgs"
        ]
      },
      "locked": {
        "lastModified": 1782165805,
        "narHash": "sha256-478kKQBvK6SYTOdN2h9jhKJv94nbXRbFMfuL1WshErg=",
        "owner": "Mic92",
        "repo": "sops-nix",
        "rev": "56b24064fdcaedca53553b1a6d607fd23b613a24",
        "type": "github"
      },
      "original": {
        "owner": "Mic92",
        "repo": "sops-nix",
        "type": "github"
      }
    },
    "srvos": {
      "inputs": {
        "nixpkgs": [
          "nixpkgs"
        ]
      },
      "locked": {
        "lastModified": 1781496494,
        "narHash": "sha256-z69k+zDeXK4suhGAeGRl3ra9m43e3q/e3+uXcL+R650=",
        "owner": "nix-community",
        "repo": "srvos",
        "rev": "a6c6c08f54fd95f1bceb659585b39c9036e49be9",
        "type": "github"
      },
      "original": {
        "owner": "nix-community",
        "repo": "srvos",
        "type": "github"
      }
    },
    "systems": {
      "locked": {
        "lastModified": 1681028828,
        "narHash": "sha256-Vy1rq5AaRuLzOxct8nz4T6wlgyUR7zLU309k9mBC768=",
        "owner": "nix-systems",
        "repo": "default",
        "rev": "da67096a3b9bf56a91d16901293e51ba5b49a27e",
        "type": "github"
      },
      "original": {
        "owner": "nix-systems",
        "repo": "default",
        "type": "github"
      }
    },
    "systems_2": {
      "locked": {
        "lastModified": 1681028828,
        "narHash": "sha256-Vy1rq5AaRuLzOxct8nz4T6wlgyUR7zLU309k9mBC768=",
        "owner": "nix-systems",
        "repo": "default",
        "rev": "da67096a3b9bf56a91d16901293e51ba5b49a27e",
        "type": "github"
      },
      "original": {
        "owner": "nix-systems",
        "repo": "default",
        "type": "github"
      }
    },
    "systems_3": {
      "locked": {
        "lastModified": 1681028828,
        "narHash": "sha256-Vy1rq5AaRuLzOxct8nz4T6wlgyUR7zLU309k9mBC768=",
        "owner": "nix-systems",
        "repo": "default",
        "rev": "da67096a3b9bf56a91d16901293e51ba5b49a27e",
        "type": "github"
      },
      "original": {
        "owner": "nix-systems",
        "repo": "default",
        "type": "github"
      }
    },
    "systems_4": {
      "locked": {
        "lastModified": 1681028828,
        "narHash": "sha256-Vy1rq5AaRuLzOxct8nz4T6wlgyUR7zLU309k9mBC768=",
        "owner": "nix-systems",
        "repo": "default",
        "rev": "da67096a3b9bf56a91d16901293e51ba5b49a27e",
        "type": "github"
      },
      "original": {
        "owner": "nix-systems",
        "repo": "default",
        "type": "github"
      }
    },
    "systems_5": {
      "locked": {
        "lastModified": 1681028828,
        "narHash": "sha256-Vy1rq5AaRuLzOxct8nz4T6wlgyUR7zLU309k9mBC768=",
        "owner": "nix-systems",
        "repo": "default",
        "rev": "da67096a3b9bf56a91d16901293e51ba5b49a27e",
        "type": "github"
      },
      "original": {
        "owner": "nix-systems",
        "repo": "default",
        "type": "github"
      }
    },
    "systems_6": {
      "locked": {
        "lastModified": 1681028828,
        "narHash": "sha256-Vy1rq5AaRuLzOxct8nz4T6wlgyUR7zLU309k9mBC768=",
        "owner": "nix-systems",
        "repo": "default",
        "rev": "da67096a3b9bf56a91d16901293e51ba5b49a27e",
        "type": "github"
      },
      "original": {
        "owner": "nix-systems",
        "repo": "default",
        "type": "github"
      }
    },
    "treefmt-nix": {
      "inputs": {
        "nixpkgs": [
          "nixpkgs"
        ]
      },
      "locked": {
        "lastModified": 1780220602,
        "narHash": "sha256-eynAfOmbmxJnkp7YewvCEbShNnnYJ9gLLqkzsYtBPeM=",
        "owner": "numtide",
        "repo": "treefmt-nix",
        "rev": "db947814a175b7ca6ded66e21383d938df01c227",
        "type": "github"
      },
      "original": {
        "owner": "numtide",
        "repo": "treefmt-nix",
        "type": "github"
      }
    },
    "zen-browser": {
      "inputs": {
        "home-manager": "home-manager_2",
        "nixpkgs": [
          "nixpkgs"
        ]
      },
      "locked": {
        "lastModified": 1782144240,
        "narHash": "sha256-RgCWSv7AJZCwPhCzz+J0lvwp1WBz9ouvCnnlmvu0xfw=",
        "owner": "0xc000022070",
        "repo": "zen-browser-flake",
        "rev": "d1693556428967f8b4eef128feb090421ddcaf15",
        "type": "github"
      },
      "original": {
        "owner": "0xc000022070",
        "repo": "zen-browser-flake",
        "type": "github"
      }
    },
    "zhost": {
      "inputs": {
        "nixpkgs": "nixpkgs_6",
        "treefmt-nix": [
          "treefmt-nix"
        ]
      },
      "locked": {
        "lastModified": 1782215108,
        "narHash": "sha256-9otrlKe31aKq/hIJT/YayBvG0N1BmDMxO/iiPA4fOOk=",
        "owner": "mulatta",
        "repo": "zhost",
        "rev": "6fd6a58941e82d6ffb8a54c9b2cd83a6996dde28",
        "type": "github"
      },
      "original": {
        "owner": "mulatta",
        "repo": "zhost",
        "type": "github"
      }
    },
    "zjstatus": {
      "inputs": {
        "crane": "crane",
        "flake-utils": "flake-utils_3",
        "nixpkgs": [
          "nixpkgs"
        ],
        "rust-overlay": "rust-overlay_2"
      },
      "locked": {
        "lastModified": 1782203731,
        "narHash": "sha256-bejhTNo0xaja3EeR+5iNORpvdBjCjZ8h/Lo6jbsmTcw=",
        "owner": "dj95",
        "repo": "zjstatus",
        "rev": "7e93a857c67e0dfcb8d1a8b864e13316ef106ab0",
        "type": "github"
      },
      "original": {
        "owner": "dj95",
        "repo": "zjstatus",
        "type": "github"
      }
    },
    "zsh-helix-mode": {
      "inputs": {
        "nixpkgs": "nixpkgs_7"
      },
      "locked": {
        "lastModified": 1774203535,
        "narHash": "sha256-YggmEZ5hRySwXR+VZFKKZ+HzH5Cvz0661QeiAjlE30E=",
        "owner": "Multirious",
        "repo": "zsh-helix-mode",
        "rev": "e8d4940588f9809ab5658aa7c9c664921d547879",
        "type": "github"
      },
      "original": {
        "owner": "Multirious",
        "repo": "zsh-helix-mode",
        "type": "github"
      }
    }
  },
  "root": "root",
  "version": 7
}
